
Microsoft Visual Studio Solution File, Format Version 12.00
# Visual Studio Version 17
VisualStudioVersion = 17.0.31903.59
MinimumVisualStudioVersion = 10.0.40219.1
Project("{2150E333-8FDC-42A3-9474-1A3956D46DE8}") = "src", "src", "{827E0CD3-B72D-47B6-A68D-7590B98EB39B}"
EndProject
Project("{FAE04EC0-301F-11D3-BF4B-00C04F79EFBC}") = "Argentum.Core", "src\Argentum.Core\Argentum.Core.csproj", "{6CD3F82A-0298-48A2-8CA3-E07D9364F750}"
EndProject
Project("{FAE04EC0-301F-11D3-BF4B-00C04F79EFBC}") = "Argentum.Gameplay", "src\Argentum.Gameplay\Argentum.Gameplay.csproj", "{66F80ACE-3D63-4D9C-8169-7E46AA3CBABA}"
EndProject
Project("{FAE04EC0-301F-11D3-BF4B-00C04F79EFBC}") = "Argentum.Network", "src\Argentum.Network\Argentum.Network.csproj", "{4C0E319A-B110-43A5-8735-FCB92D574B90}"
EndProject
Project("{FAE04EC0-301F-11D3-BF4B-00C04F79EFBC}") = "Argentum.Server", "src\Argentum.Server\Argentum.Server.csproj", "{E771BA2D-4FC9-405B-BF3C-2A9A8B437AF9}"
EndProject
Project("{FAE04EC0-301F-11D3-BF4B-00C04F79EFBC}") = "Argentum.Storage", "src\Argentum.Storage\Argentum.Storage.csproj", "{7D8D018B-8811-4418-8D5B-47297188C936}"
EndProject
Project("{FAE04EC0-301F-11D3-BF4B-00C04F79EFBC}") = "Argentum.Tests", "tests\Argentum.Tests\Argentum.Tests.csproj", "{F7223DD5-BEC9-4A1C-B720-B75AB77C400B}"
EndProject
Global
	GlobalSection(SolutionConfigurationPlatforms) = preSolution
		Debug|Any CPU = Debug|Any CPU
		Debug|x64 = Debug|x64
		Debug|x86 = Debug|x86
		Release|Any CPU = Release|Any CPU
		Release|x64 = Release|x64
		Release|x86 = Release|x86
	EndGlobalSection
	GlobalSection(ProjectConfigurationPlatforms) = postSolution
		{6CD3F82A-0298-48A2-8CA3-E07D9364F750}.Debug|Any CPU.ActiveCfg = Debug|Any CPU
		{6CD3F82A-0298-48A2-8CA3-E07D9364F750}.Debug|Any CPU.Build.0 = Debug|Any CPU
		{6CD3F82A-0298-48A2-8CA3-E07D9364F750}.Debug|x64.ActiveCfg = Debug|Any CPU
		{6CD3F82A-0298-48A2-8CA3-E07D9364F750}.Debug|x64.Build.0 = Debug|Any CPU
		{6CD3F82A-0298-48A2-8CA3-E07D9364F750}.Debug|x86.ActiveCfg = Debug|Any CPU
		{6CD3F82A-0298-48A2-8CA3-E07D9364F750}.Debug|x86.Build.0 = Debug|Any CPU
		{6CD3F82A-0298-48A2-8CA3-E07D9364F750}.Release|Any CPU.ActiveCfg = Release|Any CPU
		{6CD3F82A-0298-48A2-8CA3-E07D9364F750}.Release|Any CPU.Build.0 = Release|Any CPU
		{6CD3F82A-0298-48A2-8CA3-E07D9364F750}.Release|x64.ActiveCfg = Release|Any CPU
		{6CD3F82A-0298-48A2-8CA3-E07D9364F750}.Release|x64.Build.0 = Release|Any CPU
		{6CD3F82A-0298-48A2-8CA3-E07D9364F750}.Release|x86.ActiveCfg = Release|Any CPU
		{6CD3F82A-0298-48A2-8CA3-E07D9364F750}.Release|x86.Build.0 = Release|Any CPU
		{66F80ACE-3D63-4D9C-8169-7E46AA3CBABA}.Debug|Any CPU.ActiveCfg = Debug|Any CPU
		{66F80ACE-3D63-4D9C-8169-7E46AA3CBABA}.Debug|Any CPU.Build.0 = Debug|Any CPU
		{66F80ACE-3D63-4D9C-8169-7E46AA3CBABA}.Debug|x64.ActiveCfg = Debug|Any CPU
		{66F80ACE-3D63-4D9C-8169-7E46AA3CBABA}.Debug|x64.Build.0 = Debug|Any CPU
		{66F80ACE-3D63-4D9C-8169-7E46AA3CBABA}.Debug|x86.ActiveCfg = Debug|Any CPU
		{66F80ACE-3D63-4D9C-8169-7E46AA3CBABA}.Debug|x86.Build.0 = Debug|Any CPU
		{66F80ACE-3D63-4D9C-8169-7E46AA3CBABA}.Release|Any CPU.ActiveCfg = Release|Any CPU
		{66F80ACE-3D63-4D9C-8169-7E46AA3CBABA}.Release|Any CPU.Build.0 = Release|Any CPU
		{66F80ACE-3D63-4D9C-8169-7E46AA3CBABA}.Release|x64.ActiveCfg = Release|Any CPU
		{66F80ACE-3D63-4D9C-8169-7E46AA3CBABA}.Release|x64.Build.0 = Release|Any CPU
		{66F80ACE-3D63-4D9C-8169-7E46AA3CBABA}.Release|x86.ActiveCfg = Release|Any CPU
		{66F80ACE-3D63-4D9C-8169-7E46AA3CBABA}.Release|x86.Build.0 = Release|Any CPU
		{4C0E319A-B110-43A5-8735-FCB92D574B90}.Debug|Any CPU.ActiveCfg = Debug|Any CPU
		{4C0E319A-B110-43A5-8735-FCB92D574B90}.Debug|Any CPU.Build.0 = Debug|Any CPU
		{4C0E319A-B110-43A5-8735-FCB92D574B90}.Debug|x64.ActiveCfg = Debug|Any CPU
		{4C0E319A-B110-43A5-8735-FCB92D574B90}.Debug|x64.Build.0 = Debug|Any CPU
		{4C0E319A-B110-43A5-8735-FCB92D574B90}.Debug|x86.ActiveCfg = Debug|Any CPU
		{4C0E319A-B110-43A5-8735-FCB92D574B90}.Debug|x86.Build.0 = Debug|Any CPU
		{4C0E319A-B110-43A5-8735-FCB92D574B90}.Release|Any CPU.ActiveCfg = Release|Any CPU
		{4C0E319A-B110-43A5-8735-FCB92D574B90}.Release|Any CPU.Build.0 = Release|Any CPU
		{4C0E319A-B110-43A5-8735-FCB92D574B90}.Release|x64.ActiveCfg = Release|Any CPU
		{4C0E319A-B110-43A5-8735-FCB92D574B90}.Release|x64.Build.0 = Release|Any CPU
		{4C0E319A-B110-43A5-8735-FCB92D574B90}.Release|x86.ActiveCfg = Release|Any CPU
		{4C0E319A-B110-43A5-8735-FCB92D574B90}.Release|x86.Build.0 = Release|Any CPU
		{E771BA2D-4FC9-405B-BF3C-2A9A8B437AF9}.Debug|Any CPU.ActiveCfg = Debug|Any CPU
		{E771BA2D-4FC9-405B-BF3C-2A9A8B437AF9}.Debug|Any CPU.Build.0 = Debug|Any CPU
		{E771BA2D-4FC9-405B-BF3C-2A9A8B437AF9}.Debug|x64.ActiveCfg = Debug|Any CPU
		{E771BA2D-4FC9-405B-BF3C-2A9A8B437AF9}.Debug|x64.Build.0 = Debug|Any CPU
		{E771BA2D-4FC9-405B-BF3C-2A9A8B437AF9}.Debug|x86.ActiveCfg = Debug|Any CPU
		{E771BA2D-4FC9-405B-BF3C-2A9A8B437AF9}.Debug|x86.Build.0 = Debug|Any CPU
		{E771BA2D-4FC9-405B-BF3C-2A9A8B437AF9}.Release|Any CPU.ActiveCfg = Release|Any CPU
		{E771BA2D-4FC9-405B-BF3C-2A9A8B437AF9}.Release|Any CPU.Build.0 = Release|Any CPU
		{E771BA2D-4FC9-405B-BF3C-2A9A8B437AF9}.Release|x64.ActiveCfg = Release|Any CPU
		{E771BA2D-4FC9-405B-BF3C-2A9A8B437AF9}.Release|x64.Build.0 = Release|Any CPU
		{E771BA2D-4FC9-405B-BF3C-2A9A8B437AF9}.Release|x86.ActiveCfg = Release|Any CPU
		{E771BA2D-4FC9-405B-BF3C-2A9A8B437AF9}.Release|x86.Build.0 = Release|Any CPU
		{7D8D018B-8811-4418-8D5B-47297188C936}.Debug|Any CPU.ActiveCfg = Debug|Any CPU
		{7D8D018B-8811-4418-8D5B-47297188C936}.Debug|Any CPU.Build.0 = Debug|Any CPU
		{7D8D018B-8811-4418-8D5B-47297188C936}.Debug|x64.ActiveCfg = Debug|Any CPU
		{7D8D018B-8811-4418-8D5B-47297188C936}.Debug|x64.Build.0 = Debug|Any CPU
		{7D8D018B-8811-4418-8D5B-47297188C936}.Debug|x86.ActiveCfg = Debug|Any CPU
		{7D8D018B-8811-4418-8D5B-47297188C936}.Debug|x86.Build.0 = Debug|Any CPU
		{7D8D018B-8811-4418-8D5B-47297188C936}.Release|Any CPU.ActiveCfg = Release|Any CPU
		{7D8D018B-8811-4418-8D5B-47297188C936}.Release|Any CPU.Build.0 = Release|Any CPU
		{7D8D018B-8811-4418-8D5B-47297188C936}.Release|x64.ActiveCfg = Release|Any CPU
		{7D8D018B-8811-4418-8D5B-47297188C936}.Release|x64.Build.0 = Release|Any CPU
		{7D8D018B-8811-4418-8D5B-47297188C936}.Release|x86.ActiveCfg = Release|Any CPU
		{7D8D018B-8811-4418-8D5B-47297188C936}.Release|x86.Build.0 = Release|Any CPU
		{F7223DD5-BEC9-4A1C-B720-B75AB77C400B}.Debug|Any CPU.ActiveCfg = Debug|Any CPU
		{F7223DD5-BEC9-4A1C-B720-B75AB77C400B}.Debug|Any CPU.Build.0 = Debug|Any CPU
		{F7223DD5-BEC9-4A1C-B720-B75AB77C400B}.Debug|x64.ActiveCfg = Debug|Any CPU
		{F7223DD5-BEC9-4A1C-B720-B75AB77C400B}.Debug|x64.Build.0 = Debug|Any CPU
		{F7223DD5-BEC9-4A1C-B720-B75AB77C400B}.Debug|x86.ActiveCfg = Debug|Any CPU
		{F7223DD5-BEC9-4A1C-B720-B75AB77C400B}.Debug|x86.Build.0 = Debug|Any CPU
		{F7223DD5-BEC9-4A1C-B720-B75AB77C400B}.Release|Any CPU.ActiveCfg = Release|Any CPU
		{F7223DD5-BEC9-4A1C-B720-B75AB77C400B}.Release|Any CPU.Build.0 = Release|Any CPU
		{F7223DD5-BEC9-4A1C-B720-B75AB77C400B}.Release|x64.ActiveCfg = Release|Any CPU
		{F7223DD5-BEC9-4A1C-B720-B75AB77C400B}.Release|x64.Build.0 = Release|Any CPU
		{F7223DD5-BEC9-4A1C-B720-B75AB77C400B}.Release|x86.ActiveCfg = Release|Any CPU
		{F7223DD5-BEC9-4A1C-B720-B75AB77C400B}.Release|x86.Build.0 = Release|Any CPU
	EndGlobalSection
	GlobalSection(SolutionProperties) = preSolution
		HideSolutionNode = FALSE
	EndGlobalSection
	GlobalSection(NestedProjects) = preSolution
		{6CD3F82A-0298-48A2-8CA3-E07D9364F750} = {827E0CD3-B72D-47B6-A68D-7590B98EB39B}
		{66F80ACE-3D63-4D9C-8169-7E46AA3CBABA} = {827E0CD3-B72D-47B6-A68D-7590B98EB39B}
		{4C0E319A-B110-43A5-8735-FCB92D574B90} = {827E0CD3-B72D-47B6-A68D-7590B98EB39B}
		{E771BA2D-4FC9-405B-BF3C-2A9A8B437AF9} = {827E0CD3-B72D-47B6-A68D-7590B98EB39B}
		{7D8D018B-8811-4418-8D5B-47297188C936} = {827E0CD3-B72D-47B6-A68D-7590B98EB39B}
		{F7223DD5-BEC9-4A1C-B720-B75AB77C400B} = {827E0CD3-B72D-47B6-A68D-7590B98EB39B}
	EndGlobalSection
EndGlobal
